{
  "name": "node-vegetable",
  "version": "1.0.0",
  "lockfileVersion": 2,
  "requires": true,
  "packages": {
    "": {
      "name": "node-vegetable",
      "version": "1.0.0",
      "license": "MIT",
      "dependencies": {
        "vegetable": "^1.0.0"
      }
    },
    "node_modules/vegetable": {
      "version": "1.0.0",
      "resolved": "https://registry.npmjs.org/vegetable/-/vegetable-1.0.0.tgz",
      "integrity": "sha512-iLQ9ZxLv0QhltscobbpTaB4l6VqW56M6Lk652vOfCl6G3yaXfhW914IBTAwpCudNSDdd+nzAZsMDC+icynKahg=="
    }
  },
  "dependencies": {
    "vegetable": {
      "version": "1.0.0",
      "resolved": "https://registry.npmjs.org/vegetable/-/vegetable-1.0.0.tgz",
      "integrity": "sha512-iLQ9ZxLv0QhltscobbpTaB4l6VqW56M6Lk652vOfCl6G3yaXfhW914IBTAwpCudNSDdd+nzAZsMDC+icynKahg=="
    }
  }
}
